
Microsoft Visual Studio Solution File, Format Version 12.00
# Visual Studio Version 16
VisualStudioVersion = 16.0.30711.63
MinimumVisualStudioVersion = 10.0.40219.1
Project("{9A19103F-16F7-4668-BE54-9A1E7A4F7556}") = "Variables", "Variables\Variables.csproj", "{8E9AB4D1-01E5-4EFB-80E0-E9F2C764A4CB}"
EndProject
Project("{9A19103F-16F7-4668-BE54-9A1E7A4F7556}") = "Tipos de Datos", "Tipos de Datos\Tipos de Datos.csproj", "{EDA7B336-EA32-43AF-924A-B3E065CF4866}"
EndProject
Project("{9A19103F-16F7-4668-BE54-9A1E7A4F7556}") = "Funciones", "Funciones\Funciones.csproj", "{AC7DAC89-8966-487E-8469-DB53F11C19AA}"
EndProject
Project("{9A19103F-16F7-4668-BE54-9A1E7A4F7556}") = "IfElse", "IfElse\IfElse.csproj", "{6E4A2C14-D9A5-482A-97D2-D19C37F750FC}"
EndProject
Project("{9A19103F-16F7-4668-BE54-9A1E7A4F7556}") = "SwitchCase", "SwitchCase\SwitchCase.csproj", "{AA5A81D5-A8B2-4378-9621-4CA0AD1B39F9}"
EndProject
Project("{9A19103F-16F7-4668-BE54-9A1E7A4F7556}") = "Arreglos", "Arreglos\Arreglos.csproj", "{6676AA8A-3A4B-44CA-981F-93FA6D53AA92}"
EndProject
Project("{FAE04EC0-301F-11D3-BF4B-00C04F79EFBC}") = "While", "While\While.csproj", "{3583F97E-A730-430A-9D2C-B81D97259437}"
EndProject
Project("{FAE04EC0-301F-11D3-BF4B-00C04F79EFBC}") = "For", "For\For.csproj", "{8A8295CB-6A5C-4606-989F-2C2822F83DD9}"
EndProject
Global
	GlobalSection(SolutionConfigurationPlatforms) = preSolution
		Debug|Any CPU = Debug|Any CPU
		Release|Any CPU = Release|Any CPU
	EndGlobalSection
	GlobalSection(ProjectConfigurationPlatforms) = postSolution
		{8E9AB4D1-01E5-4EFB-80E0-E9F2C764A4CB}.Debug|Any CPU.ActiveCfg = Debug|Any CPU
		{8E9AB4D1-01E5-4EFB-80E0-E9F2C764A4CB}.Debug|Any CPU.Build.0 = Debug|Any CPU
		{8E9AB4D1-01E5-4EFB-80E0-E9F2C764A4CB}.Release|Any CPU.ActiveCfg = Release|Any CPU
		{8E9AB4D1-01E5-4EFB-80E0-E9F2C764A4CB}.Release|Any CPU.Build.0 = Release|Any CPU
		{EDA7B336-EA32-43AF-924A-B3E065CF4866}.Debug|Any CPU.ActiveCfg = Debug|Any CPU
		{EDA7B336-EA32-43AF-924A-B3E065CF4866}.Debug|Any CPU.Build.0 = Debug|Any CPU
		{EDA7B336-EA32-43AF-924A-B3E065CF4866}.Release|Any CPU.ActiveCfg = Release|Any CPU
		{EDA7B336-EA32-43AF-924A-B3E065CF4866}.Release|Any CPU.Build.0 = Release|Any CPU
		{AC7DAC89-8966-487E-8469-DB53F11C19AA}.Debug|Any CPU.ActiveCfg = Debug|Any CPU
		{AC7DAC89-8966-487E-8469-DB53F11C19AA}.Debug|Any CPU.Build.0 = Debug|Any CPU
		{AC7DAC89-8966-487E-8469-DB53F11C19AA}.Release|Any CPU.ActiveCfg = Release|Any CPU
		{AC7DAC89-8966-487E-8469-DB53F11C19AA}.Release|Any CPU.Build.0 = Release|Any CPU
		{6E4A2C14-D9A5-482A-97D2-D19C37F750FC}.Debug|Any CPU.ActiveCfg = Debug|Any CPU
		{6E4A2C14-D9A5-482A-97D2-D19C37F750FC}.Debug|Any CPU.Build.0 = Debug|Any CPU
		{6E4A2C14-D9A5-482A-97D2-D19C37F750FC}.Release|Any CPU.ActiveCfg = Release|Any CPU
		{6E4A2C14-D9A5-482A-97D2-D19C37F750FC}.Release|Any CPU.Build.0 = Release|Any CPU
		{AA5A81D5-A8B2-4378-9621-4CA0AD1B39F9}.Debug|Any CPU.ActiveCfg = Debug|Any CPU
		{AA5A81D5-A8B2-4378-9621-4CA0AD1B39F9}.Debug|Any CPU.Build.0 = Debug|Any CPU
		{AA5A81D5-A8B2-4378-9621-4CA0AD1B39F9}.Release|Any CPU.ActiveCfg = Release|Any CPU
		{AA5A81D5-A8B2-4378-9621-4CA0AD1B39F9}.Release|Any CPU.Build.0 = Release|Any CPU
		{6676AA8A-3A4B-44CA-981F-93FA6D53AA92}.Debug|Any CPU.ActiveCfg = Debug|Any CPU
		{6676AA8A-3A4B-44CA-981F-93FA6D53AA92}.Debug|Any CPU.Build.0 = Debug|Any CPU
		{6676AA8A-3A4B-44CA-981F-93FA6D53AA92}.Release|Any CPU.ActiveCfg = Release|Any CPU
		{6676AA8A-3A4B-44CA-981F-93FA6D53AA92}.Release|Any CPU.Build.0 = Release|Any CPU
		{3583F97E-A730-430A-9D2C-B81D97259437}.Debug|Any CPU.ActiveCfg = Debug|Any CPU
		{3583F97E-A730-430A-9D2C-B81D97259437}.Debug|Any CPU.Build.0 = Debug|Any CPU
		{3583F97E-A730-430A-9D2C-B81D97259437}.Release|Any CPU.ActiveCfg = Release|Any CPU
		{3583F97E-A730-430A-9D2C-B81D97259437}.Release|Any CPU.Build.0 = Release|Any CPU
		{8A8295CB-6A5C-4606-989F-2C2822F83DD9}.Debug|Any CPU.ActiveCfg = Debug|Any CPU
		{8A8295CB-6A5C-4606-989F-2C2822F83DD9}.Debug|Any CPU.Build.0 = Debug|Any CPU
		{8A8295CB-6A5C-4606-989F-2C2822F83DD9}.Release|Any CPU.ActiveCfg = Release|Any CPU
		{8A8295CB-6A5C-4606-989F-2C2822F83DD9}.Release|Any CPU.Build.0 = Release|Any CPU
	EndGlobalSection
	GlobalSection(SolutionProperties) = preSolution
		HideSolutionNode = FALSE
	EndGlobalSection
	GlobalSection(ExtensibilityGlobals) = postSolution
		SolutionGuid = {4E7B4878-E520-4DFC-B325-B43E383CC4EA}
	EndGlobalSection
EndGlobal
